
Microsoft Visual Studio Solution File, Format Version 12.00
# Visual Studio Version 17
VisualStudioVersion = 17.7.34202.233
MinimumVisualStudioVersion = 10.0.40219.1
Project("{FAE04EC0-301F-11D3-BF4B-00C04F79EFBC}") = "TI45 - Média de 3 números", "TI45 - Média de 3 números\TI45 - Média de 3 números.csproj", "{C4ABA89A-32D3-4F12-A90E-7443CA879561}"
EndProject
Global
	GlobalSection(SolutionConfigurationPlatforms) = preSolution
		Debug|Any CPU = Debug|Any CPU
		Release|Any CPU = Release|Any CPU
	EndGlobalSection
	GlobalSection(ProjectConfigurationPlatforms) = postSolution
		{C4ABA89A-32D3-4F12-A90E-7443CA879561}.Debug|Any CPU.ActiveCfg = Debug|Any CPU
		{C4ABA89A-32D3-4F12-A90E-7443CA879561}.Debug|Any CPU.Build.0 = Debug|Any CPU
		{C4ABA89A-32D3-4F12-A90E-7443CA879561}.Release|Any CPU.ActiveCfg = Release|Any CPU
		{C4ABA89A-32D3-4F12-A90E-7443CA879561}.Release|Any CPU.Build.0 = Release|Any CPU
	EndGlobalSection
	GlobalSection(SolutionProperties) = preSolution
		HideSolutionNode = FALSE
	EndGlobalSection
	GlobalSection(ExtensibilityGlobals) = postSolution
		SolutionGuid = {DCF8D299-48F7-4F04-BA71-1A3708FB0B3F}
	EndGlobalSection
EndGlobal
