
Microsoft Visual Studio Solution File, Format Version 12.00
# Visual Studio Version 17
VisualStudioVersion = 17.7.34202.233
MinimumVisualStudioVersion = 10.0.40219.1
Project("{FAE04EC0-301F-11D3-BF4B-00C04F79EFBC}") = "TI45-Vetor Par e Ímpar2", "TI45-Vetor Par e Ímpar2\TI45-Vetor Par e Ímpar2.csproj", "{A25E2213-6705-409D-9824-93CBED108BEF}"
EndProject
Global
	GlobalSection(SolutionConfigurationPlatforms) = preSolution
		Debug|Any CPU = Debug|Any CPU
		Release|Any CPU = Release|Any CPU
	EndGlobalSection
	GlobalSection(ProjectConfigurationPlatforms) = postSolution
		{A25E2213-6705-409D-9824-93CBED108BEF}.Debug|Any CPU.ActiveCfg = Debug|Any CPU
		{A25E2213-6705-409D-9824-93CBED108BEF}.Debug|Any CPU.Build.0 = Debug|Any CPU
		{A25E2213-6705-409D-9824-93CBED108BEF}.Release|Any CPU.ActiveCfg = Release|Any CPU
		{A25E2213-6705-409D-9824-93CBED108BEF}.Release|Any CPU.Build.0 = Release|Any CPU
	EndGlobalSection
	GlobalSection(SolutionProperties) = preSolution
		HideSolutionNode = FALSE
	EndGlobalSection
	GlobalSection(ExtensibilityGlobals) = postSolution
		SolutionGuid = {E00F7219-6CA6-4141-93A1-99F325FC281D}
	EndGlobalSection
EndGlobal
