
Microsoft Visual Studio Solution File, Format Version 12.00
# Visual Studio Version 17
VisualStudioVersion = 17.7.34202.233
MinimumVisualStudioVersion = 10.0.40219.1
Project("{FAE04EC0-301F-11D3-BF4B-00C04F79EFBC}") = "TI45-Primos", "TI45-Primos\TI45-Primos.csproj", "{FD708F83-AD23-4660-9BB0-7D9EF65AC225}"
EndProject
Global
	GlobalSection(SolutionConfigurationPlatforms) = preSolution
		Debug|Any CPU = Debug|Any CPU
		Release|Any CPU = Release|Any CPU
	EndGlobalSection
	GlobalSection(ProjectConfigurationPlatforms) = postSolution
		{FD708F83-AD23-4660-9BB0-7D9EF65AC225}.Debug|Any CPU.ActiveCfg = Debug|Any CPU
		{FD708F83-AD23-4660-9BB0-7D9EF65AC225}.Debug|Any CPU.Build.0 = Debug|Any CPU
		{FD708F83-AD23-4660-9BB0-7D9EF65AC225}.Release|Any CPU.ActiveCfg = Release|Any CPU
		{FD708F83-AD23-4660-9BB0-7D9EF65AC225}.Release|Any CPU.Build.0 = Release|Any CPU
	EndGlobalSection
	GlobalSection(SolutionProperties) = preSolution
		HideSolutionNode = FALSE
	EndGlobalSection
	GlobalSection(ExtensibilityGlobals) = postSolution
		SolutionGuid = {593E947A-7DDE-4B5F-ACC1-2359C6A09B5A}
	EndGlobalSection
EndGlobal
