
Microsoft Visual Studio Solution File, Format Version 12.00
# Visual Studio Version 17
VisualStudioVersion = 17.7.34202.233
MinimumVisualStudioVersion = 10.0.40219.1
Project("{FAE04EC0-301F-11D3-BF4B-00C04F79EFBC}") = "TI45-Criação de Menus", "TI45-Criação de Menus\TI45-Criação de Menus.csproj", "{2E84D1D5-DAF4-466D-8031-84B35E74A9D8}"
EndProject
Global
	GlobalSection(SolutionConfigurationPlatforms) = preSolution
		Debug|Any CPU = Debug|Any CPU
		Release|Any CPU = Release|Any CPU
	EndGlobalSection
	GlobalSection(ProjectConfigurationPlatforms) = postSolution
		{2E84D1D5-DAF4-466D-8031-84B35E74A9D8}.Debug|Any CPU.ActiveCfg = Debug|Any CPU
		{2E84D1D5-DAF4-466D-8031-84B35E74A9D8}.Debug|Any CPU.Build.0 = Debug|Any CPU
		{2E84D1D5-DAF4-466D-8031-84B35E74A9D8}.Release|Any CPU.ActiveCfg = Release|Any CPU
		{2E84D1D5-DAF4-466D-8031-84B35E74A9D8}.Release|Any CPU.Build.0 = Release|Any CPU
	EndGlobalSection
	GlobalSection(SolutionProperties) = preSolution
		HideSolutionNode = FALSE
	EndGlobalSection
	GlobalSection(ExtensibilityGlobals) = postSolution
		SolutionGuid = {2532EF0E-5604-46AA-A564-5FC21ACDE219}
	EndGlobalSection
EndGlobal
