
Microsoft Visual Studio Solution File, Format Version 12.00
# Visual Studio Version 17
VisualStudioVersion = 17.7.34202.233
MinimumVisualStudioVersion = 10.0.40219.1
Project("{FAE04EC0-301F-11D3-BF4B-00C04F79EFBC}") = "TI45-Aumento salarial de acordo com temp. de serviço", "TI45-Aumento salarial de acordo com temp. de serviço\TI45-Aumento salarial de acordo com temp. de serviço.csproj", "{BF9A59CA-758C-48A3-B35B-84C6B12A018E}"
EndProject
Global
	GlobalSection(SolutionConfigurationPlatforms) = preSolution
		Debug|Any CPU = Debug|Any CPU
		Release|Any CPU = Release|Any CPU
	EndGlobalSection
	GlobalSection(ProjectConfigurationPlatforms) = postSolution
		{BF9A59CA-758C-48A3-B35B-84C6B12A018E}.Debug|Any CPU.ActiveCfg = Debug|Any CPU
		{BF9A59CA-758C-48A3-B35B-84C6B12A018E}.Debug|Any CPU.Build.0 = Debug|Any CPU
		{BF9A59CA-758C-48A3-B35B-84C6B12A018E}.Release|Any CPU.ActiveCfg = Release|Any CPU
		{BF9A59CA-758C-48A3-B35B-84C6B12A018E}.Release|Any CPU.Build.0 = Release|Any CPU
	EndGlobalSection
	GlobalSection(SolutionProperties) = preSolution
		HideSolutionNode = FALSE
	EndGlobalSection
	GlobalSection(ExtensibilityGlobals) = postSolution
		SolutionGuid = {674B3074-281C-44C8-8653-4B24427FD0FC}
	EndGlobalSection
EndGlobal
