
Microsoft Visual Studio Solution File, Format Version 12.00
# Visual Studio Version 17
VisualStudioVersion = 17.7.34202.233
MinimumVisualStudioVersion = 10.0.40219.1
Project("{FAE04EC0-301F-11D3-BF4B-00C04F79EFBC}") = "TI45-Nº inteiros primos no vetor", "TI45-Nº inteiros primos no vetor\TI45-Nº inteiros primos no vetor.csproj", "{CE01A518-52BC-4862-9BA4-034F0FCD7D1E}"
EndProject
Global
	GlobalSection(SolutionConfigurationPlatforms) = preSolution
		Debug|Any CPU = Debug|Any CPU
		Release|Any CPU = Release|Any CPU
	EndGlobalSection
	GlobalSection(ProjectConfigurationPlatforms) = postSolution
		{CE01A518-52BC-4862-9BA4-034F0FCD7D1E}.Debug|Any CPU.ActiveCfg = Debug|Any CPU
		{CE01A518-52BC-4862-9BA4-034F0FCD7D1E}.Debug|Any CPU.Build.0 = Debug|Any CPU
		{CE01A518-52BC-4862-9BA4-034F0FCD7D1E}.Release|Any CPU.ActiveCfg = Release|Any CPU
		{CE01A518-52BC-4862-9BA4-034F0FCD7D1E}.Release|Any CPU.Build.0 = Release|Any CPU
	EndGlobalSection
	GlobalSection(SolutionProperties) = preSolution
		HideSolutionNode = FALSE
	EndGlobalSection
	GlobalSection(ExtensibilityGlobals) = postSolution
		SolutionGuid = {53FB6675-BA72-46B1-9529-F6AA9189F9E0}
	EndGlobalSection
EndGlobal
