
Microsoft Visual Studio Solution File, Format Version 12.00
# Visual Studio Version 17
VisualStudioVersion = 17.7.34202.233
MinimumVisualStudioVersion = 10.0.40219.1
Project("{FAE04EC0-301F-11D3-BF4B-00C04F79EFBC}") = "TI45 - Núemros de 0 a 50", "TI45 - Núemros de 0 a 50\TI45 - Núemros de 0 a 50.csproj", "{EFE0BE7C-92E6-46C2-B319-570F49F7F289}"
EndProject
Global
	GlobalSection(SolutionConfigurationPlatforms) = preSolution
		Debug|Any CPU = Debug|Any CPU
		Release|Any CPU = Release|Any CPU
	EndGlobalSection
	GlobalSection(ProjectConfigurationPlatforms) = postSolution
		{EFE0BE7C-92E6-46C2-B319-570F49F7F289}.Debug|Any CPU.ActiveCfg = Debug|Any CPU
		{EFE0BE7C-92E6-46C2-B319-570F49F7F289}.Debug|Any CPU.Build.0 = Debug|Any CPU
		{EFE0BE7C-92E6-46C2-B319-570F49F7F289}.Release|Any CPU.ActiveCfg = Release|Any CPU
		{EFE0BE7C-92E6-46C2-B319-570F49F7F289}.Release|Any CPU.Build.0 = Release|Any CPU
	EndGlobalSection
	GlobalSection(SolutionProperties) = preSolution
		HideSolutionNode = FALSE
	EndGlobalSection
	GlobalSection(ExtensibilityGlobals) = postSolution
		SolutionGuid = {2B73A5BA-1653-445D-A92A-5474437558D1}
	EndGlobalSection
EndGlobal
