
Microsoft Visual Studio Solution File, Format Version 12.00
# Visual Studio Version 17
VisualStudioVersion = 17.7.34202.233
MinimumVisualStudioVersion = 10.0.40219.1
Project("{FAE04EC0-301F-11D3-BF4B-00C04F79EFBC}") = "TI45-Valor de S de nº-2", "TI45-Valor de S de nº-2\TI45-Valor de S de nº-2.csproj", "{145CD99F-7CD5-43E9-A063-9688EEADB339}"
EndProject
Global
	GlobalSection(SolutionConfigurationPlatforms) = preSolution
		Debug|Any CPU = Debug|Any CPU
		Release|Any CPU = Release|Any CPU
	EndGlobalSection
	GlobalSection(ProjectConfigurationPlatforms) = postSolution
		{145CD99F-7CD5-43E9-A063-9688EEADB339}.Debug|Any CPU.ActiveCfg = Debug|Any CPU
		{145CD99F-7CD5-43E9-A063-9688EEADB339}.Debug|Any CPU.Build.0 = Debug|Any CPU
		{145CD99F-7CD5-43E9-A063-9688EEADB339}.Release|Any CPU.ActiveCfg = Release|Any CPU
		{145CD99F-7CD5-43E9-A063-9688EEADB339}.Release|Any CPU.Build.0 = Release|Any CPU
	EndGlobalSection
	GlobalSection(SolutionProperties) = preSolution
		HideSolutionNode = FALSE
	EndGlobalSection
	GlobalSection(ExtensibilityGlobals) = postSolution
		SolutionGuid = {D07EF24F-3628-437E-BB05-829231271849}
	EndGlobalSection
EndGlobal
