
Microsoft Visual Studio Solution File, Format Version 12.00
# Visual Studio Version 17
VisualStudioVersion = 17.7.34202.233
MinimumVisualStudioVersion = 10.0.40219.1
Project("{FAE04EC0-301F-11D3-BF4B-00C04F79EFBC}") = "TI45- Equação quadrática", "TI45- Equação quadrática\TI45- Equação quadrática.csproj", "{99BE5290-C3B7-4E24-BFC9-B2D93387BC76}"
EndProject
Global
	GlobalSection(SolutionConfigurationPlatforms) = preSolution
		Debug|Any CPU = Debug|Any CPU
		Release|Any CPU = Release|Any CPU
	EndGlobalSection
	GlobalSection(ProjectConfigurationPlatforms) = postSolution
		{99BE5290-C3B7-4E24-BFC9-B2D93387BC76}.Debug|Any CPU.ActiveCfg = Debug|Any CPU
		{99BE5290-C3B7-4E24-BFC9-B2D93387BC76}.Debug|Any CPU.Build.0 = Debug|Any CPU
		{99BE5290-C3B7-4E24-BFC9-B2D93387BC76}.Release|Any CPU.ActiveCfg = Release|Any CPU
		{99BE5290-C3B7-4E24-BFC9-B2D93387BC76}.Release|Any CPU.Build.0 = Release|Any CPU
	EndGlobalSection
	GlobalSection(SolutionProperties) = preSolution
		HideSolutionNode = FALSE
	EndGlobalSection
	GlobalSection(ExtensibilityGlobals) = postSolution
		SolutionGuid = {32755976-AED7-4B21-96B7-62BE2908595D}
	EndGlobalSection
EndGlobal
