
Microsoft Visual Studio Solution File, Format Version 12.00
# Visual Studio Version 17
VisualStudioVersion = 17.7.34202.233
MinimumVisualStudioVersion = 10.0.40219.1
Project("{FAE04EC0-301F-11D3-BF4B-00C04F79EFBC}") = "TI45-Conversão de dias a anos, meses e semanas", "TI45-Conversão de dias a anos, meses e semanas\TI45-Conversão de dias a anos, meses e semanas.csproj", "{2BC6A265-784E-4DB9-98CB-253E9A7D1807}"
EndProject
Global
	GlobalSection(SolutionConfigurationPlatforms) = preSolution
		Debug|Any CPU = Debug|Any CPU
		Release|Any CPU = Release|Any CPU
	EndGlobalSection
	GlobalSection(ProjectConfigurationPlatforms) = postSolution
		{2BC6A265-784E-4DB9-98CB-253E9A7D1807}.Debug|Any CPU.ActiveCfg = Debug|Any CPU
		{2BC6A265-784E-4DB9-98CB-253E9A7D1807}.Debug|Any CPU.Build.0 = Debug|Any CPU
		{2BC6A265-784E-4DB9-98CB-253E9A7D1807}.Release|Any CPU.ActiveCfg = Release|Any CPU
		{2BC6A265-784E-4DB9-98CB-253E9A7D1807}.Release|Any CPU.Build.0 = Release|Any CPU
	EndGlobalSection
	GlobalSection(SolutionProperties) = preSolution
		HideSolutionNode = FALSE
	EndGlobalSection
	GlobalSection(ExtensibilityGlobals) = postSolution
		SolutionGuid = {C7D3C2EB-6291-40FC-B585-45917E84C7F5}
	EndGlobalSection
EndGlobal
