
Microsoft Visual Studio Solution File, Format Version 12.00
# Visual Studio Version 17
VisualStudioVersion = 17.7.34202.233
MinimumVisualStudioVersion = 10.0.40219.1
Project("{FAE04EC0-301F-11D3-BF4B-00C04F79EFBC}") = "TI45-Geração de nº inteiros pares e ímpares", "TI45-Geração de nº inteiros pares e ímpares\TI45-Geração de nº inteiros pares e ímpares.csproj", "{341490C9-4F8C-4BA2-9319-08D56FFC39FE}"
EndProject
Global
	GlobalSection(SolutionConfigurationPlatforms) = preSolution
		Debug|Any CPU = Debug|Any CPU
		Release|Any CPU = Release|Any CPU
	EndGlobalSection
	GlobalSection(ProjectConfigurationPlatforms) = postSolution
		{341490C9-4F8C-4BA2-9319-08D56FFC39FE}.Debug|Any CPU.ActiveCfg = Debug|Any CPU
		{341490C9-4F8C-4BA2-9319-08D56FFC39FE}.Debug|Any CPU.Build.0 = Debug|Any CPU
		{341490C9-4F8C-4BA2-9319-08D56FFC39FE}.Release|Any CPU.ActiveCfg = Release|Any CPU
		{341490C9-4F8C-4BA2-9319-08D56FFC39FE}.Release|Any CPU.Build.0 = Release|Any CPU
	EndGlobalSection
	GlobalSection(SolutionProperties) = preSolution
		HideSolutionNode = FALSE
	EndGlobalSection
	GlobalSection(ExtensibilityGlobals) = postSolution
		SolutionGuid = {E6CFCB3B-6A4E-4CA9-9FAC-4F4AEA5679F0}
	EndGlobalSection
EndGlobal
