
Microsoft Visual Studio Solution File, Format Version 12.00
# Visual Studio Version 17
VisualStudioVersion = 17.7.34202.233
MinimumVisualStudioVersion = 10.0.40219.1
Project("{FAE04EC0-301F-11D3-BF4B-00C04F79EFBC}") = "TI45-Empréstimo de funcionários publicos", "TI45-Empréstimo de funcionários publicos\TI45-Empréstimo de funcionários publicos.csproj", "{4DBEDF57-3968-4763-9E57-EB0D2F382B14}"
EndProject
Global
	GlobalSection(SolutionConfigurationPlatforms) = preSolution
		Debug|Any CPU = Debug|Any CPU
		Release|Any CPU = Release|Any CPU
	EndGlobalSection
	GlobalSection(ProjectConfigurationPlatforms) = postSolution
		{4DBEDF57-3968-4763-9E57-EB0D2F382B14}.Debug|Any CPU.ActiveCfg = Debug|Any CPU
		{4DBEDF57-3968-4763-9E57-EB0D2F382B14}.Debug|Any CPU.Build.0 = Debug|Any CPU
		{4DBEDF57-3968-4763-9E57-EB0D2F382B14}.Release|Any CPU.ActiveCfg = Release|Any CPU
		{4DBEDF57-3968-4763-9E57-EB0D2F382B14}.Release|Any CPU.Build.0 = Release|Any CPU
	EndGlobalSection
	GlobalSection(SolutionProperties) = preSolution
		HideSolutionNode = FALSE
	EndGlobalSection
	GlobalSection(ExtensibilityGlobals) = postSolution
		SolutionGuid = {50B616E3-BDD7-4220-9D14-46CBB730F613}
	EndGlobalSection
EndGlobal
