
Microsoft Visual Studio Solution File, Format Version 12.00
# Visual Studio Version 17
VisualStudioVersion = 17.7.34202.233
MinimumVisualStudioVersion = 10.0.40219.1
Project("{FAE04EC0-301F-11D3-BF4B-00C04F79EFBC}") = "TI45-Produto escalar de A por B", "TI45-Produto escalar de A por B\TI45-Produto escalar de A por B.csproj", "{E92DB506-F80A-4F1E-8D1D-D5BFBD26902F}"
EndProject
Global
	GlobalSection(SolutionConfigurationPlatforms) = preSolution
		Debug|Any CPU = Debug|Any CPU
		Release|Any CPU = Release|Any CPU
	EndGlobalSection
	GlobalSection(ProjectConfigurationPlatforms) = postSolution
		{E92DB506-F80A-4F1E-8D1D-D5BFBD26902F}.Debug|Any CPU.ActiveCfg = Debug|Any CPU
		{E92DB506-F80A-4F1E-8D1D-D5BFBD26902F}.Debug|Any CPU.Build.0 = Debug|Any CPU
		{E92DB506-F80A-4F1E-8D1D-D5BFBD26902F}.Release|Any CPU.ActiveCfg = Release|Any CPU
		{E92DB506-F80A-4F1E-8D1D-D5BFBD26902F}.Release|Any CPU.Build.0 = Release|Any CPU
	EndGlobalSection
	GlobalSection(SolutionProperties) = preSolution
		HideSolutionNode = FALSE
	EndGlobalSection
	GlobalSection(ExtensibilityGlobals) = postSolution
		SolutionGuid = {5ADB5740-2BCB-482C-B0A3-D9F6C9FCD00B}
	EndGlobalSection
EndGlobal
