
Microsoft Visual Studio Solution File, Format Version 12.00
# Visual Studio Version 17
VisualStudioVersion = 17.7.34202.233
MinimumVisualStudioVersion = 10.0.40219.1
Project("{FAE04EC0-301F-11D3-BF4B-00C04F79EFBC}") = "TI45-Leitura de posição de Vetor", "TI45-Leitura de posição de Vetor\TI45-Leitura de posição de Vetor.csproj", "{E9A51E1F-CDAA-425D-A36D-5377D4296927}"
EndProject
Global
	GlobalSection(SolutionConfigurationPlatforms) = preSolution
		Debug|Any CPU = Debug|Any CPU
		Release|Any CPU = Release|Any CPU
	EndGlobalSection
	GlobalSection(ProjectConfigurationPlatforms) = postSolution
		{E9A51E1F-CDAA-425D-A36D-5377D4296927}.Debug|Any CPU.ActiveCfg = Debug|Any CPU
		{E9A51E1F-CDAA-425D-A36D-5377D4296927}.Debug|Any CPU.Build.0 = Debug|Any CPU
		{E9A51E1F-CDAA-425D-A36D-5377D4296927}.Release|Any CPU.ActiveCfg = Release|Any CPU
		{E9A51E1F-CDAA-425D-A36D-5377D4296927}.Release|Any CPU.Build.0 = Release|Any CPU
	EndGlobalSection
	GlobalSection(SolutionProperties) = preSolution
		HideSolutionNode = FALSE
	EndGlobalSection
	GlobalSection(ExtensibilityGlobals) = postSolution
		SolutionGuid = {9D6BEC57-8E2D-46EE-B3B1-F3F05E452400}
	EndGlobalSection
EndGlobal
