
Microsoft Visual Studio Solution File, Format Version 12.00
# Visual Studio Version 17
VisualStudioVersion = 17.7.34202.233
MinimumVisualStudioVersion = 10.0.40219.1
Project("{FAE04EC0-301F-11D3-BF4B-00C04F79EFBC}") = "TI45-Primeiro Vetor", "TI45-Primeiro Vetor\TI45-Primeiro Vetor.csproj", "{72419036-CFB3-450D-9C95-CA9EBA38E53F}"
EndProject
Global
	GlobalSection(SolutionConfigurationPlatforms) = preSolution
		Debug|Any CPU = Debug|Any CPU
		Release|Any CPU = Release|Any CPU
	EndGlobalSection
	GlobalSection(ProjectConfigurationPlatforms) = postSolution
		{72419036-CFB3-450D-9C95-CA9EBA38E53F}.Debug|Any CPU.ActiveCfg = Debug|Any CPU
		{72419036-CFB3-450D-9C95-CA9EBA38E53F}.Debug|Any CPU.Build.0 = Debug|Any CPU
		{72419036-CFB3-450D-9C95-CA9EBA38E53F}.Release|Any CPU.ActiveCfg = Release|Any CPU
		{72419036-CFB3-450D-9C95-CA9EBA38E53F}.Release|Any CPU.Build.0 = Release|Any CPU
	EndGlobalSection
	GlobalSection(SolutionProperties) = preSolution
		HideSolutionNode = FALSE
	EndGlobalSection
	GlobalSection(ExtensibilityGlobals) = postSolution
		SolutionGuid = {9149835B-FCC4-4BE8-BC7B-BA8FEFAD859B}
	EndGlobalSection
EndGlobal
