
Microsoft Visual Studio Solution File, Format Version 12.00
# Visual Studio Version 17
VisualStudioVersion = 17.7.34202.233
MinimumVisualStudioVersion = 10.0.40219.1
Project("{FAE04EC0-301F-11D3-BF4B-00C04F79EFBC}") = "TI45 - Calculo de Média aritmética e Harmônica", "TI45 - Calculo de Média aritmética e Harmônica\TI45 - Calculo de Média aritmética e Harmônica.csproj", "{F50EC897-27AE-478C-BA2A-A7C1625355FA}"
EndProject
Global
	GlobalSection(SolutionConfigurationPlatforms) = preSolution
		Debug|Any CPU = Debug|Any CPU
		Release|Any CPU = Release|Any CPU
	EndGlobalSection
	GlobalSection(ProjectConfigurationPlatforms) = postSolution
		{F50EC897-27AE-478C-BA2A-A7C1625355FA}.Debug|Any CPU.ActiveCfg = Debug|Any CPU
		{F50EC897-27AE-478C-BA2A-A7C1625355FA}.Debug|Any CPU.Build.0 = Debug|Any CPU
		{F50EC897-27AE-478C-BA2A-A7C1625355FA}.Release|Any CPU.ActiveCfg = Release|Any CPU
		{F50EC897-27AE-478C-BA2A-A7C1625355FA}.Release|Any CPU.Build.0 = Release|Any CPU
	EndGlobalSection
	GlobalSection(SolutionProperties) = preSolution
		HideSolutionNode = FALSE
	EndGlobalSection
	GlobalSection(ExtensibilityGlobals) = postSolution
		SolutionGuid = {7440AE15-4128-4742-B34F-636B382C00B8}
	EndGlobalSection
EndGlobal
