
Microsoft Visual Studio Solution File, Format Version 12.00
# Visual Studio Version 17
VisualStudioVersion = 17.7.34202.233
MinimumVisualStudioVersion = 10.0.40219.1
Project("{FAE04EC0-301F-11D3-BF4B-00C04F79EFBC}") = "TI45-Soma de 1 a 100 e do seus quadrados", "TI45-Soma dos números e dos quadrados\TI45-Soma de 1 a 100 e do seus quadrados.csproj", "{73D9C4FE-26C6-4F27-A9B2-EBDB6962AE76}"
EndProject
Global
	GlobalSection(SolutionConfigurationPlatforms) = preSolution
		Debug|Any CPU = Debug|Any CPU
		Release|Any CPU = Release|Any CPU
	EndGlobalSection
	GlobalSection(ProjectConfigurationPlatforms) = postSolution
		{73D9C4FE-26C6-4F27-A9B2-EBDB6962AE76}.Debug|Any CPU.ActiveCfg = Debug|Any CPU
		{73D9C4FE-26C6-4F27-A9B2-EBDB6962AE76}.Debug|Any CPU.Build.0 = Debug|Any CPU
		{73D9C4FE-26C6-4F27-A9B2-EBDB6962AE76}.Release|Any CPU.ActiveCfg = Release|Any CPU
		{73D9C4FE-26C6-4F27-A9B2-EBDB6962AE76}.Release|Any CPU.Build.0 = Release|Any CPU
	EndGlobalSection
	GlobalSection(SolutionProperties) = preSolution
		HideSolutionNode = FALSE
	EndGlobalSection
	GlobalSection(ExtensibilityGlobals) = postSolution
		SolutionGuid = {F73BF7F0-263D-41D2-AC54-6EFD0E6DD07D}
	EndGlobalSection
EndGlobal
