
Microsoft Visual Studio Solution File, Format Version 12.00
# Visual Studio Version 17
VisualStudioVersion = 17.7.34202.233
MinimumVisualStudioVersion = 10.0.40219.1
Project("{FAE04EC0-301F-11D3-BF4B-00C04F79EFBC}") = "TI45 - Reajuste de salário", "TI45 - Reajuste de salário\TI45 - Reajuste de salário.csproj", "{563E1630-4008-48B2-BEF6-39DDA19215D3}"
EndProject
Global
	GlobalSection(SolutionConfigurationPlatforms) = preSolution
		Debug|Any CPU = Debug|Any CPU
		Release|Any CPU = Release|Any CPU
	EndGlobalSection
	GlobalSection(ProjectConfigurationPlatforms) = postSolution
		{563E1630-4008-48B2-BEF6-39DDA19215D3}.Debug|Any CPU.ActiveCfg = Debug|Any CPU
		{563E1630-4008-48B2-BEF6-39DDA19215D3}.Debug|Any CPU.Build.0 = Debug|Any CPU
		{563E1630-4008-48B2-BEF6-39DDA19215D3}.Release|Any CPU.ActiveCfg = Release|Any CPU
		{563E1630-4008-48B2-BEF6-39DDA19215D3}.Release|Any CPU.Build.0 = Release|Any CPU
	EndGlobalSection
	GlobalSection(SolutionProperties) = preSolution
		HideSolutionNode = FALSE
	EndGlobalSection
	GlobalSection(ExtensibilityGlobals) = postSolution
		SolutionGuid = {CB9A4605-A0FD-4B9C-9667-9CC4A0EEFF05}
	EndGlobalSection
EndGlobal
