
Microsoft Visual Studio Solution File, Format Version 12.00
# Visual Studio Version 17
VisualStudioVersion = 17.7.34202.233
MinimumVisualStudioVersion = 10.0.40219.1
Project("{FAE04EC0-301F-11D3-BF4B-00C04F79EFBC}") = "TI45-Engradados", "TI45-Engradados\TI45-Engradados.csproj", "{D3BB9B35-1032-4FA9-8418-1B7D87F0BD89}"
EndProject
Global
	GlobalSection(SolutionConfigurationPlatforms) = preSolution
		Debug|Any CPU = Debug|Any CPU
		Release|Any CPU = Release|Any CPU
	EndGlobalSection
	GlobalSection(ProjectConfigurationPlatforms) = postSolution
		{D3BB9B35-1032-4FA9-8418-1B7D87F0BD89}.Debug|Any CPU.ActiveCfg = Debug|Any CPU
		{D3BB9B35-1032-4FA9-8418-1B7D87F0BD89}.Debug|Any CPU.Build.0 = Debug|Any CPU
		{D3BB9B35-1032-4FA9-8418-1B7D87F0BD89}.Release|Any CPU.ActiveCfg = Release|Any CPU
		{D3BB9B35-1032-4FA9-8418-1B7D87F0BD89}.Release|Any CPU.Build.0 = Release|Any CPU
	EndGlobalSection
	GlobalSection(SolutionProperties) = preSolution
		HideSolutionNode = FALSE
	EndGlobalSection
	GlobalSection(ExtensibilityGlobals) = postSolution
		SolutionGuid = {A7DFA444-6F81-43BD-AC09-0DF795A61A0E}
	EndGlobalSection
EndGlobal
