
Microsoft Visual Studio Solution File, Format Version 12.00
# Visual Studio Version 17
VisualStudioVersion = 17.7.34202.233
MinimumVisualStudioVersion = 10.0.40219.1
Project("{FAE04EC0-301F-11D3-BF4B-00C04F79EFBC}") = "TI45-Par ou Ímpar", "TI45-Par ou Ímpar\TI45-Par ou Ímpar.csproj", "{A450E868-258A-42C5-AB1C-038A3EDF799F}"
EndProject
Global
	GlobalSection(SolutionConfigurationPlatforms) = preSolution
		Debug|Any CPU = Debug|Any CPU
		Release|Any CPU = Release|Any CPU
	EndGlobalSection
	GlobalSection(ProjectConfigurationPlatforms) = postSolution
		{A450E868-258A-42C5-AB1C-038A3EDF799F}.Debug|Any CPU.ActiveCfg = Debug|Any CPU
		{A450E868-258A-42C5-AB1C-038A3EDF799F}.Debug|Any CPU.Build.0 = Debug|Any CPU
		{A450E868-258A-42C5-AB1C-038A3EDF799F}.Release|Any CPU.ActiveCfg = Release|Any CPU
		{A450E868-258A-42C5-AB1C-038A3EDF799F}.Release|Any CPU.Build.0 = Release|Any CPU
	EndGlobalSection
	GlobalSection(SolutionProperties) = preSolution
		HideSolutionNode = FALSE
	EndGlobalSection
	GlobalSection(ExtensibilityGlobals) = postSolution
		SolutionGuid = {7C5CE1E8-BDF1-4229-9D07-01876B88F8B6}
	EndGlobalSection
EndGlobal
